<Solution>
  <Folder Name="/Tests/">
    <Project Path="Tests/BLL.Tests/BLL.Tests.csproj" />
    <Project Path="Tests/Core.Tests/Core.Tests.csproj" />
    <Project Path="Tests/DAL.Tests/DAL.Tests.csproj" />
  </Folder>
  <Project Path="BLL/BLL.csproj" />
  <Project Path="Presentation/Model/Model.csproj" />
  <Project Path="Presentation/View/Console/Console.csproj" />
  <Project Path="DAL/DAL.csproj" />
  <Project Path="Assets/Assets.csproj" />
</Solution>
